
Microsoft Visual Studio Solution File, Format Version 12.00
# Visual Studio Version 17
VisualStudioVersion = 17.9.34728.123
MinimumVisualStudioVersion = 10.0.40219.1
Project("{FAE04EC0-301F-11D3-BF4B-00C04F79EFBC}") = "Assignment 4.2", "Assignment 4.2.csproj", "{46A51B79-519A-403F-BF81-8A7A2ED29255}"
EndProject
Global
	GlobalSection(SolutionConfigurationPlatforms) = preSolution
		Debug|Any CPU = Debug|Any CPU
		Release|Any CPU = Release|Any CPU
	EndGlobalSection
	GlobalSection(ProjectConfigurationPlatforms) = postSolution
		{46A51B79-519A-403F-BF81-8A7A2ED29255}.Debug|Any CPU.ActiveCfg = Debug|Any CPU
		{46A51B79-519A-403F-BF81-8A7A2ED29255}.Debug|Any CPU.Build.0 = Debug|Any CPU
		{46A51B79-519A-403F-BF81-8A7A2ED29255}.Release|Any CPU.ActiveCfg = Release|Any CPU
		{46A51B79-519A-403F-BF81-8A7A2ED29255}.Release|Any CPU.Build.0 = Release|Any CPU
	EndGlobalSection
	GlobalSection(SolutionProperties) = preSolution
		HideSolutionNode = FALSE
	EndGlobalSection
	GlobalSection(ExtensibilityGlobals) = postSolution
		SolutionGuid = {D211461E-AB2D-4F17-880B-044502A24F0D}
	EndGlobalSection
EndGlobal
